
Microsoft Visual Studio Solution File, Format Version 12.00
# Visual Studio Version 17
VisualStudioVersion = 17.13.35818.85
MinimumVisualStudioVersion = 10.0.40219.1
Project("{FAE04EC0-301F-11D3-BF4B-00C04F79EFBC}") = "Dotnet101", "Dotnet101\Dotnet101.csproj", "{E60B5C9A-431A-460D-B7FD-1F904BD71575}"
EndProject
Project("{FAE04EC0-301F-11D3-BF4B-00C04F79EFBC}") = "LeetCodeProgram", "LeetCodeProgram\LeetCodeProgram.csproj", "{83FF3C94-D787-4477-A25C-4D02E9FB6826}"
EndProject
Global
	GlobalSection(SolutionConfigurationPlatforms) = preSolution
		Debug|Any CPU = Debug|Any CPU
		Release|Any CPU = Release|Any CPU
	EndGlobalSection
	GlobalSection(ProjectConfigurationPlatforms) = postSolution
		{E60B5C9A-431A-460D-B7FD-1F904BD71575}.Debug|Any CPU.ActiveCfg = Debug|Any CPU
		{E60B5C9A-431A-460D-B7FD-1F904BD71575}.Debug|Any CPU.Build.0 = Debug|Any CPU
		{E60B5C9A-431A-460D-B7FD-1F904BD71575}.Release|Any CPU.ActiveCfg = Release|Any CPU
		{E60B5C9A-431A-460D-B7FD-1F904BD71575}.Release|Any CPU.Build.0 = Release|Any CPU
		{83FF3C94-D787-4477-A25C-4D02E9FB6826}.Debug|Any CPU.ActiveCfg = Debug|Any CPU
		{83FF3C94-D787-4477-A25C-4D02E9FB6826}.Debug|Any CPU.Build.0 = Debug|Any CPU
		{83FF3C94-D787-4477-A25C-4D02E9FB6826}.Release|Any CPU.ActiveCfg = Release|Any CPU
		{83FF3C94-D787-4477-A25C-4D02E9FB6826}.Release|Any CPU.Build.0 = Release|Any CPU
	EndGlobalSection
	GlobalSection(SolutionProperties) = preSolution
		HideSolutionNode = FALSE
	EndGlobalSection
	GlobalSection(ExtensibilityGlobals) = postSolution
		SolutionGuid = {DF81E18F-A689-4BD9-9B69-A25821CDB4FD}
	EndGlobalSection
EndGlobal
